
Microsoft Visual Studio Solution File, Format Version 12.00
# Visual Studio 15
VisualStudioVersion = 15.0.28307.1585
MinimumVisualStudioVersion = 10.0.40219.1
Project("{FAE04EC0-301F-11D3-BF4B-00C04F79EFBC}") = "WebPrevisaoTempo", "WebPrevisaoTempo\WebPrevisaoTempo.csproj", "{CBAA19CF-983C-4E86-814A-E0CCA85903E8}"
EndProject
Project("{FAE04EC0-301F-11D3-BF4B-00C04F79EFBC}") = "WebPrevisaoTempo.Tests", "WebPrevisaoTempo.Tests\WebPrevisaoTempo.Tests.csproj", "{4C3576F2-D1AB-4D79-B8E7-D63FE7C61405}"
EndProject
Global
	GlobalSection(SolutionConfigurationPlatforms) = preSolution
		Debug|Any CPU = Debug|Any CPU
		Release|Any CPU = Release|Any CPU
	EndGlobalSection
	GlobalSection(ProjectConfigurationPlatforms) = postSolution
		{CBAA19CF-983C-4E86-814A-E0CCA85903E8}.Debug|Any CPU.ActiveCfg = Debug|Any CPU
		{CBAA19CF-983C-4E86-814A-E0CCA85903E8}.Debug|Any CPU.Build.0 = Debug|Any CPU
		{CBAA19CF-983C-4E86-814A-E0CCA85903E8}.Release|Any CPU.ActiveCfg = Release|Any CPU
		{CBAA19CF-983C-4E86-814A-E0CCA85903E8}.Release|Any CPU.Build.0 = Release|Any CPU
		{4C3576F2-D1AB-4D79-B8E7-D63FE7C61405}.Debug|Any CPU.ActiveCfg = Debug|Any CPU
		{4C3576F2-D1AB-4D79-B8E7-D63FE7C61405}.Debug|Any CPU.Build.0 = Debug|Any CPU
		{4C3576F2-D1AB-4D79-B8E7-D63FE7C61405}.Release|Any CPU.ActiveCfg = Release|Any CPU
		{4C3576F2-D1AB-4D79-B8E7-D63FE7C61405}.Release|Any CPU.Build.0 = Release|Any CPU
	EndGlobalSection
	GlobalSection(SolutionProperties) = preSolution
		HideSolutionNode = FALSE
	EndGlobalSection
	GlobalSection(ExtensibilityGlobals) = postSolution
		SolutionGuid = {EE9BC4DF-2813-477F-BAED-A5B0E3785279}
	EndGlobalSection
EndGlobal
